
Microsoft Visual Studio Solution File, Format Version 12.00
# Visual Studio Version 17
VisualStudioVersion = 17.0.31903.59
MinimumVisualStudioVersion = 10.0.40219.1
Project("{2150E333-8FDC-42A3-9474-1A3956D46DE8}") = "src", "src", "{827E0CD3-B72D-47B6-A68D-7590B98EB39B}"
EndProject
Project("{FAE04EC0-301F-11D3-BF4B-00C04F79EFBC}") = "ExpenseFlow.Domain", "src\ExpenseFlow.Domain\ExpenseFlow.Domain.csproj", "{FBA15894-AA56-439F-94A6-E14223EA786A}"
EndProject
Project("{FAE04EC0-301F-11D3-BF4B-00C04F79EFBC}") = "ExpenseFlow.Application", "src\ExpenseFlow.Application\ExpenseFlow.Application.csproj", "{A34D3194-F1EC-4D95-9728-DFF65D589391}"
EndProject
Project("{FAE04EC0-301F-11D3-BF4B-00C04F79EFBC}") = "ExpenseFlow.Infrastructure", "src\ExpenseFlow.Infrastructure\ExpenseFlow.Infrastructure.csproj", "{78F3A2B5-81F8-4A46-A8B7-DF4294F1833A}"
EndProject
Project("{FAE04EC0-301F-11D3-BF4B-00C04F79EFBC}") = "ExpenseFlow.Web", "src\ExpenseFlow.Web\ExpenseFlow.Web.csproj", "{2E48C48B-B531-4544-BB93-58A5347B45A9}"
EndProject
Global
	GlobalSection(SolutionConfigurationPlatforms) = preSolution
		Debug|Any CPU = Debug|Any CPU
		Debug|x64 = Debug|x64
		Debug|x86 = Debug|x86
		Release|Any CPU = Release|Any CPU
		Release|x64 = Release|x64
		Release|x86 = Release|x86
	EndGlobalSection
	GlobalSection(ProjectConfigurationPlatforms) = postSolution
		{FBA15894-AA56-439F-94A6-E14223EA786A}.Debug|Any CPU.ActiveCfg = Debug|Any CPU
		{FBA15894-AA56-439F-94A6-E14223EA786A}.Debug|Any CPU.Build.0 = Debug|Any CPU
		{FBA15894-AA56-439F-94A6-E14223EA786A}.Debug|x64.ActiveCfg = Debug|Any CPU
		{FBA15894-AA56-439F-94A6-E14223EA786A}.Debug|x64.Build.0 = Debug|Any CPU
		{FBA15894-AA56-439F-94A6-E14223EA786A}.Debug|x86.ActiveCfg = Debug|Any CPU
		{FBA15894-AA56-439F-94A6-E14223EA786A}.Debug|x86.Build.0 = Debug|Any CPU
		{FBA15894-AA56-439F-94A6-E14223EA786A}.Release|Any CPU.ActiveCfg = Release|Any CPU
		{FBA15894-AA56-439F-94A6-E14223EA786A}.Release|Any CPU.Build.0 = Release|Any CPU
		{FBA15894-AA56-439F-94A6-E14223EA786A}.Release|x64.ActiveCfg = Release|Any CPU
		{FBA15894-AA56-439F-94A6-E14223EA786A}.Release|x64.Build.0 = Release|Any CPU
		{FBA15894-AA56-439F-94A6-E14223EA786A}.Release|x86.ActiveCfg = Release|Any CPU
		{FBA15894-AA56-439F-94A6-E14223EA786A}.Release|x86.Build.0 = Release|Any CPU
		{A34D3194-F1EC-4D95-9728-DFF65D589391}.Debug|Any CPU.ActiveCfg = Debug|Any CPU
		{A34D3194-F1EC-4D95-9728-DFF65D589391}.Debug|Any CPU.Build.0 = Debug|Any CPU
		{A34D3194-F1EC-4D95-9728-DFF65D589391}.Debug|x64.ActiveCfg = Debug|Any CPU
		{A34D3194-F1EC-4D95-9728-DFF65D589391}.Debug|x64.Build.0 = Debug|Any CPU
		{A34D3194-F1EC-4D95-9728-DFF65D589391}.Debug|x86.ActiveCfg = Debug|Any CPU
		{A34D3194-F1EC-4D95-9728-DFF65D589391}.Debug|x86.Build.0 = Debug|Any CPU
		{A34D3194-F1EC-4D95-9728-DFF65D589391}.Release|Any CPU.ActiveCfg = Release|Any CPU
		{A34D3194-F1EC-4D95-9728-DFF65D589391}.Release|Any CPU.Build.0 = Release|Any CPU
		{A34D3194-F1EC-4D95-9728-DFF65D589391}.Release|x64.ActiveCfg = Release|Any CPU
		{A34D3194-F1EC-4D95-9728-DFF65D589391}.Release|x64.Build.0 = Release|Any CPU
		{A34D3194-F1EC-4D95-9728-DFF65D589391}.Release|x86.ActiveCfg = Release|Any CPU
		{A34D3194-F1EC-4D95-9728-DFF65D589391}.Release|x86.Build.0 = Release|Any CPU
		{78F3A2B5-81F8-4A46-A8B7-DF4294F1833A}.Debug|Any CPU.ActiveCfg = Debug|Any CPU
		{78F3A2B5-81F8-4A46-A8B7-DF4294F1833A}.Debug|Any CPU.Build.0 = Debug|Any CPU
		{78F3A2B5-81F8-4A46-A8B7-DF4294F1833A}.Debug|x64.ActiveCfg = Debug|Any CPU
		{78F3A2B5-81F8-4A46-A8B7-DF4294F1833A}.Debug|x64.Build.0 = Debug|Any CPU
		{78F3A2B5-81F8-4A46-A8B7-DF4294F1833A}.Debug|x86.ActiveCfg = Debug|Any CPU
		{78F3A2B5-81F8-4A46-A8B7-DF4294F1833A}.Debug|x86.Build.0 = Debug|Any CPU
		{78F3A2B5-81F8-4A46-A8B7-DF4294F1833A}.Release|Any CPU.ActiveCfg = Release|Any CPU
		{78F3A2B5-81F8-4A46-A8B7-DF4294F1833A}.Release|Any CPU.Build.0 = Release|Any CPU
		{78F3A2B5-81F8-4A46-A8B7-DF4294F1833A}.Release|x64.ActiveCfg = Release|Any CPU
		{78F3A2B5-81F8-4A46-A8B7-DF4294F1833A}.Release|x64.Build.0 = Release|Any CPU
		{78F3A2B5-81F8-4A46-A8B7-DF4294F1833A}.Release|x86.ActiveCfg = Release|Any CPU
		{78F3A2B5-81F8-4A46-A8B7-DF4294F1833A}.Release|x86.Build.0 = Release|Any CPU
		{2E48C48B-B531-4544-BB93-58A5347B45A9}.Debug|Any CPU.ActiveCfg = Debug|Any CPU
		{2E48C48B-B531-4544-BB93-58A5347B45A9}.Debug|Any CPU.Build.0 = Debug|Any CPU
		{2E48C48B-B531-4544-BB93-58A5347B45A9}.Debug|x64.ActiveCfg = Debug|Any CPU
		{2E48C48B-B531-4544-BB93-58A5347B45A9}.Debug|x64.Build.0 = Debug|Any CPU
		{2E48C48B-B531-4544-BB93-58A5347B45A9}.Debug|x86.ActiveCfg = Debug|Any CPU
		{2E48C48B-B531-4544-BB93-58A5347B45A9}.Debug|x86.Build.0 = Debug|Any CPU
		{2E48C48B-B531-4544-BB93-58A5347B45A9}.Release|Any CPU.ActiveCfg = Release|Any CPU
		{2E48C48B-B531-4544-BB93-58A5347B45A9}.Release|Any CPU.Build.0 = Release|Any CPU
		{2E48C48B-B531-4544-BB93-58A5347B45A9}.Release|x64.ActiveCfg = Release|Any CPU
		{2E48C48B-B531-4544-BB93-58A5347B45A9}.Release|x64.Build.0 = Release|Any CPU
		{2E48C48B-B531-4544-BB93-58A5347B45A9}.Release|x86.ActiveCfg = Release|Any CPU
		{2E48C48B-B531-4544-BB93-58A5347B45A9}.Release|x86.Build.0 = Release|Any CPU
	EndGlobalSection
	GlobalSection(SolutionProperties) = preSolution
		HideSolutionNode = FALSE
	EndGlobalSection
	GlobalSection(NestedProjects) = preSolution
		{FBA15894-AA56-439F-94A6-E14223EA786A} = {827E0CD3-B72D-47B6-A68D-7590B98EB39B}
		{A34D3194-F1EC-4D95-9728-DFF65D589391} = {827E0CD3-B72D-47B6-A68D-7590B98EB39B}
		{78F3A2B5-81F8-4A46-A8B7-DF4294F1833A} = {827E0CD3-B72D-47B6-A68D-7590B98EB39B}
		{2E48C48B-B531-4544-BB93-58A5347B45A9} = {827E0CD3-B72D-47B6-A68D-7590B98EB39B}
	EndGlobalSection
EndGlobal
